lockfileVersion: 5.4

importers:

  .:
    specifiers: {}

  packages/react-query:
    specifiers:
      '@tanstack/svelte-query': ^4.27.0
      '@trpc/client': ^10.17.0
      '@trpc/server': ^10.17.0
      svelte: ^3.57.0
      typescript: ^5.0.2
    dependencies:
      '@tanstack/svelte-query': 4.27.0_svelte@3.57.0
      '@trpc/client': 10.17.0_@trpc+server@10.17.0
      '@trpc/server': 10.17.0
    devDependencies:
      svelte: 3.57.0
      typescript: 5.0.2

  packages/svelte-query:
    specifiers:
      '@tanstack/svelte-query': ^4.27.0
      '@trpc/client': ^10.17.0
      '@trpc/server': ^10.17.0
      prettier: ^2.8.6
      svelte: ^3.57.0
      typescript: ^5.0.2
      zod: ^3.21.4
    dependencies:
      '@tanstack/svelte-query': 4.27.0_svelte@3.57.0
      '@trpc/client': 10.17.0_@trpc+server@10.17.0
      '@trpc/server': 10.17.0
      zod: 3.21.4
    devDependencies:
      prettier: 2.8.6
      svelte: 3.57.0
      typescript: 5.0.2

packages:

  /@tanstack/query-core/4.27.0:
    resolution: {integrity: sha512-sm+QncWaPmM73IPwFlmWSKPqjdTXZeFf/7aEmWh00z7yl2FjqophPt0dE1EHW9P1giMC5rMviv7OUbSDmWzXXA==}
    dev: false

  /@tanstack/svelte-query/4.27.0_svelte@3.57.0:
    resolution: {integrity: sha512-FmrviPCoWbgBOLgG4uOG4EHi80DDzvD4XK+0nQBTLb4c2cKyN7c98MLgG58yHbdFEPQyhhcJlqagXP18vWWS9w==}
    peerDependencies:
      svelte: ^3.54.0
    dependencies:
      '@tanstack/query-core': 4.27.0
      svelte: 3.57.0
    dev: false

  /@trpc/client/10.17.0_@trpc+server@10.17.0:
    resolution: {integrity: sha512-HkOIgOOJ7LUmDv/rOKTbmO1x9xJuvR0uzTPOiUG8qD7zvxhm+r7so5/HQq32Ne9Tx7lY4vi//mhz9AWNdAjdaQ==}
    peerDependencies:
      '@trpc/server': 10.17.0
    dependencies:
      '@trpc/server': 10.17.0
    dev: false

  /@trpc/server/10.17.0:
    resolution: {integrity: sha512-ZY8jUsJpyqyu80k7TbCcdAx7NsoQAnPK27lGS4/9R42yMKrt7KJdS0Ka2KF1KRRkr112qxTskVqUufVpRVLq7Q==}
    dev: false

  /prettier/2.8.6:
    resolution: {integrity: sha512-mtuzdiBbHwPEgl7NxWlqOkithPyp4VN93V7VeHVWBF+ad3I5avc0RVDT4oImXQy9H/AqxA2NSQH8pSxHW6FYbQ==}
    engines: {node: '>=10.13.0'}
    hasBin: true
    dev: true

  /svelte/3.57.0:
    resolution: {integrity: sha512-WMXEvF+RtAaclw0t3bPDTUe19pplMlfyKDsixbHQYgCWi9+O9VN0kXU1OppzrB9gPAvz4NALuoca2LfW2bOjTQ==}
    engines: {node: '>= 8'}

  /typescript/5.0.2:
    resolution: {integrity: sha512-wVORMBGO/FAs/++blGNeAVdbNKtIh1rbBL2EyQ1+J9lClJ93KiiKe8PmFIVdXhHcyv44SL9oglmfeSsndo0jRw==}
    engines: {node: '>=12.20'}
    hasBin: true
    dev: true

  /zod/3.21.4:
    resolution: {integrity: sha512-m46AKbrzKVzOzs/DZgVnG5H55N1sv1M8qZU3A8RIKbs3mrACDNeIOeilDymVb2HdmP8uwshOCF4uJ8uM9rCqJw==}
    dev: false
