# THIS IS AN AUTOGENERATED FILE. DO NOT EDIT THIS FILE DIRECTLY.
# yarn lockfile v1


"@tanstack/query-core@4.24.10":
  version "4.24.10"
  resolved "https://registry.yarnpkg.com/@tanstack/query-core/-/query-core-4.24.10.tgz#758e1f5b2d7faf7316d299facd272a9f64c26299"
  integrity sha512-2QywqXEAGBIUoTdgn1lAB4/C8QEqwXHj2jrCLeYTk2xVGtLiPEUD8jcMoeB2noclbiW2mMt4+Fq7fZStuz3wAQ==

"@tanstack/svelte-query@^4.22.0":
  version "4.24.10"
  resolved "https://registry.yarnpkg.com/@tanstack/svelte-query/-/svelte-query-4.24.10.tgz#ea0a6d167c9297453d801e265388a274d31f0916"
  integrity sha512-KwwKzMhxo0EzG7ODPNhjH1uViOR49N4WKa75UGW8PzdJ8TBysy79wkDrP5Ijf32NhI8axfzDALdtv/2jMWa+iQ==
  dependencies:
    "@tanstack/query-core" "4.24.10"

"@trpc/client@^10.8.2":
  version "10.12.0"
  resolved "https://registry.yarnpkg.com/@trpc/client/-/client-10.12.0.tgz#635b02a2d10ffa07029428f250bcbe19b54a6b63"
  integrity sha512-CUBRaE0FpYiRnPGkFB9oLD2cdFd5fSzQwPSR7/zXNKMjwdE+5P7q5mtgbh3bFey3lYidmpKDFgYRnl9Cz2Z7OQ==

"@trpc/server@^10.8.2":
  version "10.12.0"
  resolved "https://registry.yarnpkg.com/@trpc/server/-/server-10.12.0.tgz#0293100080478ec724ab3c27a352ac5cc16285f4"
  integrity sha512-gD5FCNCIDgx1fuYbCfFQgIYT1HVUzsXtQUrvG+nTLBL19eWJctwHetWYB2b71NmfLvq/b+QSH1OzPq1WvsHeag==

svelte@^3.55.1:
  version "3.55.1"
  resolved "https://registry.yarnpkg.com/svelte/-/svelte-3.55.1.tgz#6f93b153e5248039906ce5fe196efdb9e05dfce8"
  integrity sha512-S+87/P0Ve67HxKkEV23iCdAh/SX1xiSfjF1HOglno/YTbSTW7RniICMCofWGdJJbdjw3S+0PfFb1JtGfTXE0oQ==

typescript@^4.9.4:
  version "4.9.5"
  resolved "https://registry.yarnpkg.com/typescript/-/typescript-4.9.5.tgz#095979f9bcc0d09da324d58d03ce8f8374cbe65a"
  integrity sha512-1FXk9E2Hm+QzZQ7z+McJiHL4NW1F2EzMu9Nq9i3zAaGqibafqYwCVU6WyWAuyQRRzOlxou8xZSyXLEN8oKj24g==
